
Microsoft Visual Studio Solution File, Format Version 12.00
# Visual Studio Version 17
VisualStudioVersion = 17.9.34902.65
MinimumVisualStudioVersion = 10.0.40219.1
Project("{9A19103F-16F7-4668-BE54-9A1E7A4F7556}") = "RNSReloaded", "RNSReloaded\RNSReloaded.csproj", "{47F7E8DD-AC5B-434C-B754-B3B3A6A3047F}"
EndProject
Project("{9A19103F-16F7-4668-BE54-9A1E7A4F7556}") = "RNSReloaded.PlayerColorChanger", "RNSReloaded.PlayerColorChanger\RNSReloaded.PlayerColorChanger.csproj", "{96D378B4-2742-4090-88E1-87C202D273AB}"
EndProject
Project("{9A19103F-16F7-4668-BE54-9A1E7A4F7556}") = "RNSReloaded.Interfaces", "RNSReloaded.Interfaces\RNSReloaded.Interfaces.csproj", "{03E49DBF-10FE-4C5C-967F-377C3E6C8A72}"
EndProject
Project("{9A19103F-16F7-4668-BE54-9A1E7A4F7556}") = "RNSReloaded.Bouny", "RNSReloaded.Bouny\RNSReloaded.Bouny.csproj", "{1DB27577-B973-4861-9A18-7591EA32676F}"
EndProject
Project("{9A19103F-16F7-4668-BE54-9A1E7A4F7556}") = "RNSReloaded.TextureSwapper", "RNSReloaded.TextureSwapper\RNSReloaded.TextureSwapper.csproj", "{79DAB48E-7AC6-4945-9003-582C0FBB052A}"
EndProject
Project("{9A19103F-16F7-4668-BE54-9A1E7A4F7556}") = "RNSReloaded.SteelYourself", "RNSReloaded.SteelYourself\RNSReloaded.SteelYourself.csproj", "{3144A4C2-F4E0-4940-9E6F-E025075790ED}"
EndProject
Project("{9A19103F-16F7-4668-BE54-9A1E7A4F7556}") = "RNSReloaded.DebugMenuEnabler", "RNSReloaded.DebugMenuEnabler\RNSReloaded.DebugMenuEnabler.csproj", "{87E93513-ED59-46E1-89FF-08C597E39373}"
EndProject
Project("{9A19103F-16F7-4668-BE54-9A1E7A4F7556}") = "RNSReloaded.PermanentWinds", "RNSReloaded.PermanentWinds\RNSReloaded.PermanentWinds.csproj", "{18EA2959-A78B-4525-8A50-B5374351D80D}"
EndProject
Project("{9A19103F-16F7-4668-BE54-9A1E7A4F7556}") = "RNSReloaded.Steelheart", "RNSReloaded.Steelheart\RNSReloaded.Steelheart.csproj", "{05A5A454-5D1D-4190-B0C5-55872492F3A2}"
EndProject
Project("{9A19103F-16F7-4668-BE54-9A1E7A4F7556}") = "RNSReloaded.FullmoonArsenal", "RNSReloaded.FullmoonArsenal\RNSReloaded.FullmoonArsenal.csproj", "{F20C75FC-B16D-4C86-8B4F-C00E0AF9CDA2}"
EndProject
Project("{9A19103F-16F7-4668-BE54-9A1E7A4F7556}") = "RNSReloaded.Nightcore", "RNSReloaded.Nightcore\RNSReloaded.Nightcore.csproj", "{4CDE2CDB-F350-4C9B-80DD-0D718C1BEA44}"
EndProject
Project("{9A19103F-16F7-4668-BE54-9A1E7A4F7556}") = "RNSReloaded.Ice", "RNSReloaded.Ice\RNSReloaded.Ice.csproj", "{1CC38C0E-B21E-4C40-BF0D-0F8AB586F95D}"
EndProject
Project("{9A19103F-16F7-4668-BE54-9A1E7A4F7556}") = "RNSReloaded.DoubleTime", "RNSReloaded.DoubleTime\RNSReloaded.DoubleTime.csproj", "{FE5E1C54-EEB9-4B4B-9D22-B682E46F65EF}"
EndProject
Project("{9A19103F-16F7-4668-BE54-9A1E7A4F7556}") = "RNSReloaded.Fullmetal", "RNSReloaded.Fullmetal\RNSReloaded.Fullmetal.csproj", "{04BF9DA0-9F3E-4E69-8D45-34C124F74F1A}"
EndProject
Project("{9A19103F-16F7-4668-BE54-9A1E7A4F7556}") = "RNSReloaded.FuzzyMechanicPack", "RnsReloaded.FuzzyMechanicPack\RNSReloaded.FuzzyMechanicPack.csproj", "{5A5DDD5E-DFDA-42D0-BDA7-AC50C1629AB2}"
EndProject
Project("{9A19103F-16F7-4668-BE54-9A1E7A4F7556}") = "RNSReloaded.JadeLakeside", "RNSReloaded.JadeLakeside\RNSReloaded.JadeLakeside.csproj", "{0134C624-969E-42A9-8BC8-DB20CA838879}"
EndProject
Project("{9A19103F-16F7-4668-BE54-9A1E7A4F7556}") = "RNSReloaded.FuzzyMechPackInterfaces", "RNSReloaded.FuzzyMechPackInterfaces\RNSReloaded.FuzzyMechPackInterfaces.csproj", "{EC1E607C-2C06-44DF-84A4-77D8DEBF1D3E}"
EndProject
Project("{FAE04EC0-301F-11D3-BF4B-00C04F79EFBC}") = "RNSReloaded.ReColor", "RNSReloaded.ReColor\RNSReloaded.ReColor.csproj", "{F4526A84-B4AA-4631-81A0-39EDBF3207F9}"
EndProject
Global
	GlobalSection(SolutionConfigurationPlatforms) = preSolution
		Debug|Any CPU = Debug|Any CPU
		Release|Any CPU = Release|Any CPU
	EndGlobalSection
	GlobalSection(ProjectConfigurationPlatforms) = postSolution
		{47F7E8DD-AC5B-434C-B754-B3B3A6A3047F}.Debug|Any CPU.ActiveCfg = Debug|Any CPU
		{47F7E8DD-AC5B-434C-B754-B3B3A6A3047F}.Debug|Any CPU.Build.0 = Debug|Any CPU
		{47F7E8DD-AC5B-434C-B754-B3B3A6A3047F}.Release|Any CPU.ActiveCfg = Release|Any CPU
		{47F7E8DD-AC5B-434C-B754-B3B3A6A3047F}.Release|Any CPU.Build.0 = Release|Any CPU
		{96D378B4-2742-4090-88E1-87C202D273AB}.Debug|Any CPU.ActiveCfg = Debug|Any CPU
		{96D378B4-2742-4090-88E1-87C202D273AB}.Debug|Any CPU.Build.0 = Debug|Any CPU
		{96D378B4-2742-4090-88E1-87C202D273AB}.Release|Any CPU.ActiveCfg = Release|Any CPU
		{96D378B4-2742-4090-88E1-87C202D273AB}.Release|Any CPU.Build.0 = Release|Any CPU
		{03E49DBF-10FE-4C5C-967F-377C3E6C8A72}.Debug|Any CPU.ActiveCfg = Debug|Any CPU
		{03E49DBF-10FE-4C5C-967F-377C3E6C8A72}.Debug|Any CPU.Build.0 = Debug|Any CPU
		{03E49DBF-10FE-4C5C-967F-377C3E6C8A72}.Release|Any CPU.ActiveCfg = Release|Any CPU
		{03E49DBF-10FE-4C5C-967F-377C3E6C8A72}.Release|Any CPU.Build.0 = Release|Any CPU
		{1DB27577-B973-4861-9A18-7591EA32676F}.Debug|Any CPU.ActiveCfg = Debug|Any CPU
		{1DB27577-B973-4861-9A18-7591EA32676F}.Debug|Any CPU.Build.0 = Debug|Any CPU
		{1DB27577-B973-4861-9A18-7591EA32676F}.Release|Any CPU.ActiveCfg = Release|Any CPU
		{1DB27577-B973-4861-9A18-7591EA32676F}.Release|Any CPU.Build.0 = Release|Any CPU
		{79DAB48E-7AC6-4945-9003-582C0FBB052A}.Debug|Any CPU.ActiveCfg = Debug|Any CPU
		{79DAB48E-7AC6-4945-9003-582C0FBB052A}.Debug|Any CPU.Build.0 = Debug|Any CPU
		{79DAB48E-7AC6-4945-9003-582C0FBB052A}.Release|Any CPU.ActiveCfg = Release|Any CPU
		{79DAB48E-7AC6-4945-9003-582C0FBB052A}.Release|Any CPU.Build.0 = Release|Any CPU
		{3144A4C2-F4E0-4940-9E6F-E025075790ED}.Debug|Any CPU.ActiveCfg = Debug|Any CPU
		{3144A4C2-F4E0-4940-9E6F-E025075790ED}.Debug|Any CPU.Build.0 = Debug|Any CPU
		{3144A4C2-F4E0-4940-9E6F-E025075790ED}.Release|Any CPU.ActiveCfg = Release|Any CPU
		{3144A4C2-F4E0-4940-9E6F-E025075790ED}.Release|Any CPU.Build.0 = Release|Any CPU
		{87E93513-ED59-46E1-89FF-08C597E39373}.Debug|Any CPU.ActiveCfg = Debug|Any CPU
		{87E93513-ED59-46E1-89FF-08C597E39373}.Debug|Any CPU.Build.0 = Debug|Any CPU
		{87E93513-ED59-46E1-89FF-08C597E39373}.Release|Any CPU.ActiveCfg = Release|Any CPU
		{87E93513-ED59-46E1-89FF-08C597E39373}.Release|Any CPU.Build.0 = Release|Any CPU
		{18EA2959-A78B-4525-8A50-B5374351D80D}.Debug|Any CPU.ActiveCfg = Debug|Any CPU
		{18EA2959-A78B-4525-8A50-B5374351D80D}.Debug|Any CPU.Build.0 = Debug|Any CPU
		{18EA2959-A78B-4525-8A50-B5374351D80D}.Release|Any CPU.ActiveCfg = Release|Any CPU
		{18EA2959-A78B-4525-8A50-B5374351D80D}.Release|Any CPU.Build.0 = Release|Any CPU
		{05A5A454-5D1D-4190-B0C5-55872492F3A2}.Debug|Any CPU.ActiveCfg = Debug|Any CPU
		{05A5A454-5D1D-4190-B0C5-55872492F3A2}.Debug|Any CPU.Build.0 = Debug|Any CPU
		{05A5A454-5D1D-4190-B0C5-55872492F3A2}.Release|Any CPU.ActiveCfg = Release|Any CPU
		{05A5A454-5D1D-4190-B0C5-55872492F3A2}.Release|Any CPU.Build.0 = Release|Any CPU
		{F20C75FC-B16D-4C86-8B4F-C00E0AF9CDA2}.Debug|Any CPU.ActiveCfg = Debug|Any CPU
		{F20C75FC-B16D-4C86-8B4F-C00E0AF9CDA2}.Debug|Any CPU.Build.0 = Debug|Any CPU
		{F20C75FC-B16D-4C86-8B4F-C00E0AF9CDA2}.Release|Any CPU.ActiveCfg = Release|Any CPU
		{F20C75FC-B16D-4C86-8B4F-C00E0AF9CDA2}.Release|Any CPU.Build.0 = Release|Any CPU
		{4CDE2CDB-F350-4C9B-80DD-0D718C1BEA44}.Debug|Any CPU.ActiveCfg = Debug|Any CPU
		{4CDE2CDB-F350-4C9B-80DD-0D718C1BEA44}.Debug|Any CPU.Build.0 = Debug|Any CPU
		{4CDE2CDB-F350-4C9B-80DD-0D718C1BEA44}.Release|Any CPU.ActiveCfg = Release|Any CPU
		{4CDE2CDB-F350-4C9B-80DD-0D718C1BEA44}.Release|Any CPU.Build.0 = Release|Any CPU
		{1CC38C0E-B21E-4C40-BF0D-0F8AB586F95D}.Debug|Any CPU.ActiveCfg = Debug|Any CPU
		{1CC38C0E-B21E-4C40-BF0D-0F8AB586F95D}.Debug|Any CPU.Build.0 = Debug|Any CPU
		{1CC38C0E-B21E-4C40-BF0D-0F8AB586F95D}.Release|Any CPU.ActiveCfg = Release|Any CPU
		{1CC38C0E-B21E-4C40-BF0D-0F8AB586F95D}.Release|Any CPU.Build.0 = Release|Any CPU
		{FE5E1C54-EEB9-4B4B-9D22-B682E46F65EF}.Debug|Any CPU.ActiveCfg = Debug|Any CPU
		{FE5E1C54-EEB9-4B4B-9D22-B682E46F65EF}.Debug|Any CPU.Build.0 = Debug|Any CPU
		{FE5E1C54-EEB9-4B4B-9D22-B682E46F65EF}.Release|Any CPU.ActiveCfg = Release|Any CPU
		{FE5E1C54-EEB9-4B4B-9D22-B682E46F65EF}.Release|Any CPU.Build.0 = Release|Any CPU
		{04BF9DA0-9F3E-4E69-8D45-34C124F74F1A}.Debug|Any CPU.ActiveCfg = Debug|Any CPU
		{04BF9DA0-9F3E-4E69-8D45-34C124F74F1A}.Debug|Any CPU.Build.0 = Debug|Any CPU
		{04BF9DA0-9F3E-4E69-8D45-34C124F74F1A}.Release|Any CPU.ActiveCfg = Release|Any CPU
		{04BF9DA0-9F3E-4E69-8D45-34C124F74F1A}.Release|Any CPU.Build.0 = Release|Any CPU
		{5A5DDD5E-DFDA-42D0-BDA7-AC50C1629AB2}.Debug|Any CPU.ActiveCfg = Debug|Any CPU
		{5A5DDD5E-DFDA-42D0-BDA7-AC50C1629AB2}.Debug|Any CPU.Build.0 = Debug|Any CPU
		{5A5DDD5E-DFDA-42D0-BDA7-AC50C1629AB2}.Release|Any CPU.ActiveCfg = Release|Any CPU
		{5A5DDD5E-DFDA-42D0-BDA7-AC50C1629AB2}.Release|Any CPU.Build.0 = Release|Any CPU
		{0134C624-969E-42A9-8BC8-DB20CA838879}.Debug|Any CPU.ActiveCfg = Debug|Any CPU
		{0134C624-969E-42A9-8BC8-DB20CA838879}.Debug|Any CPU.Build.0 = Debug|Any CPU
		{0134C624-969E-42A9-8BC8-DB20CA838879}.Release|Any CPU.ActiveCfg = Release|Any CPU
		{0134C624-969E-42A9-8BC8-DB20CA838879}.Release|Any CPU.Build.0 = Release|Any CPU
		{EC1E607C-2C06-44DF-84A4-77D8DEBF1D3E}.Debug|Any CPU.ActiveCfg = Debug|Any CPU
		{EC1E607C-2C06-44DF-84A4-77D8DEBF1D3E}.Debug|Any CPU.Build.0 = Debug|Any CPU
		{EC1E607C-2C06-44DF-84A4-77D8DEBF1D3E}.Release|Any CPU.ActiveCfg = Release|Any CPU
		{EC1E607C-2C06-44DF-84A4-77D8DEBF1D3E}.Release|Any CPU.Build.0 = Release|Any CPU
		{F4526A84-B4AA-4631-81A0-39EDBF3207F9}.Debug|Any CPU.ActiveCfg = Debug|Any CPU
		{F4526A84-B4AA-4631-81A0-39EDBF3207F9}.Debug|Any CPU.Build.0 = Debug|Any CPU
		{F4526A84-B4AA-4631-81A0-39EDBF3207F9}.Release|Any CPU.ActiveCfg = Release|Any CPU
		{F4526A84-B4AA-4631-81A0-39EDBF3207F9}.Release|Any CPU.Build.0 = Release|Any CPU
	EndGlobalSection
	GlobalSection(SolutionProperties) = preSolution
		HideSolutionNode = FALSE
	EndGlobalSection
	GlobalSection(ExtensibilityGlobals) = postSolution
		SolutionGuid = {DA54BC12-02FF-4973-99F3-F3DA492FD840}
	EndGlobalSection
EndGlobal
